<?xml version="1.0" encoding="utf-8"?>
<Project ToolsVersion="4.0" xmlns="http://schemas.microsoft.com/developer/msbuild/2003">
  <ItemGroup>
    <Filter Include="Source Files">
      <UniqueIdentifier>{4FC737F1-C7A5-4376-A066-2A32D752A2FF}</UniqueIdentifier>
      <Extensions>cpp;c;cc;cxx;def;odl;idl;hpj;bat;asm;asmx</Extensions>
    </Filter>
    <Filter Include="Source Files\wbxml2">
      <UniqueIdentifier>{e215d554-6089-4f83-8574-7c55aae4fc9b}</UniqueIdentifier>
    </Filter>
    <Filter Include="Header Files">
      <UniqueIdentifier>{93995380-89BD-4b04-88EB-625FBE52EBFB}</UniqueIdentifier>
      <Extensions>h;hpp;hxx;hm;inl;inc;xsd</Extensions>
    </Filter>
    <Filter Include="Header Files\wbxml2">
      <UniqueIdentifier>{37008a7e-bd4d-4a08-9d3c-a8b57bdcc886}</UniqueIdentifier>
    </Filter>
    <Filter Include="Header Files\wbxml2\expat">
      <UniqueIdentifier>{329a7b09-f5bc-4385-8b88-c7e5a13a49f1}</UniqueIdentifier>
    </Filter>
    <Filter Include="Resource Files">
      <UniqueIdentifier>{67DA6AB6-F800-4c08-8B7A-83BB121AAD01}</UniqueIdentifier>
      <Extensions>rc;ico;cur;bmp;dlg;rc2;rct;bin;rgs;gif;jpg;jpeg;jpe;resx;tiff;tif;png;wav</Extensions>
    </Filter>
  </ItemGroup>
  <ItemGroup>
    <ClCompile Include="Serial.cpp">
      <Filter>Source Files</Filter>
    </ClCompile>
    <ClCompile Include="WapPush.cpp">
      <Filter>Source Files</Filter>
    </ClCompile>
    <ClCompile Include="WapSender.cpp">
      <Filter>Source Files</Filter>
    </ClCompile>
    <ClCompile Include="wbxml2\wbxml_base64.c">
      <Filter>Source Files\wbxml2</Filter>
    </ClCompile>
    <ClCompile Include="wbxml2\wbxml_buffers.c">
      <Filter>Source Files\wbxml2</Filter>
    </ClCompile>
    <ClCompile Include="wbxml2\wbxml_charset.c">
      <Filter>Source Files\wbxml2</Filter>
    </ClCompile>
    <ClCompile Include="wbxml2\wbxml_conv.c">
      <Filter>Source Files\wbxml2</Filter>
    </ClCompile>
    <ClCompile Include="wbxml2\wbxml_elt.c">
      <Filter>Source Files\wbxml2</Filter>
    </ClCompile>
    <ClCompile Include="wbxml2\wbxml_encoder.c">
      <Filter>Source Files\wbxml2</Filter>
    </ClCompile>
    <ClCompile Include="wbxml2\wbxml_errors.c">
      <Filter>Source Files\wbxml2</Filter>
    </ClCompile>
    <ClCompile Include="wbxml2\wbxml_lists.c">
      <Filter>Source Files\wbxml2</Filter>
    </ClCompile>
    <ClCompile Include="wbxml2\wbxml_log.c">
      <Filter>Source Files\wbxml2</Filter>
    </ClCompile>
    <ClCompile Include="wbxml2\wbxml_mem.c">
      <Filter>Source Files\wbxml2</Filter>
    </ClCompile>
    <ClCompile Include="wbxml2\wbxml_parser.c">
      <Filter>Source Files\wbxml2</Filter>
    </ClCompile>
    <ClCompile Include="wbxml2\wbxml_tables.c">
      <Filter>Source Files\wbxml2</Filter>
    </ClCompile>
    <ClCompile Include="wbxml2\wbxml_tree.c">
      <Filter>Source Files\wbxml2</Filter>
    </ClCompile>
    <ClCompile Include="wbxml2\wbxml_tree_clb_wbxml.c">
      <Filter>Source Files\wbxml2</Filter>
    </ClCompile>
    <ClCompile Include="wbxml2\wbxml_tree_clb_xml.c">
      <Filter>Source Files\wbxml2</Filter>
    </ClCompile>
    <ClCompile Include="wbxml2\wbxml_wrap_syncml.c">
      <Filter>Source Files\wbxml2</Filter>
    </ClCompile>
  </ItemGroup>
  <ItemGroup>
    <ClInclude Include="Serial.h">
      <Filter>Header Files</Filter>
    </ClInclude>
    <ClInclude Include="WapPush.h">
      <Filter>Header Files</Filter>
    </ClInclude>
    <ClInclude Include="wbxml2\wbxml.h">
      <Filter>Header Files\wbxml2</Filter>
    </ClInclude>
    <ClInclude Include="wbxml2\wbxml_base64.h">
      <Filter>Header Files\wbxml2</Filter>
    </ClInclude>
    <ClInclude Include="wbxml2\wbxml_buffers.h">
      <Filter>Header Files\wbxml2</Filter>
    </ClInclude>
    <ClInclude Include="wbxml2\wbxml_charset.h">
      <Filter>Header Files\wbxml2</Filter>
    </ClInclude>
    <ClInclude Include="wbxml2\wbxml_conv.h">
      <Filter>Header Files\wbxml2</Filter>
    </ClInclude>
    <ClInclude Include="wbxml2\wbxml_elt.h">
      <Filter>Header Files\wbxml2</Filter>
    </ClInclude>
    <ClInclude Include="wbxml2\wbxml_encoder.h">
      <Filter>Header Files\wbxml2</Filter>
    </ClInclude>
    <ClInclude Include="wbxml2\wbxml_errors.h">
      <Filter>Header Files\wbxml2</Filter>
    </ClInclude>
    <ClInclude Include="wbxml2\wbxml_handlers.h">
      <Filter>Header Files\wbxml2</Filter>
    </ClInclude>
    <ClInclude Include="wbxml2\wbxml_lists.h">
      <Filter>Header Files\wbxml2</Filter>
    </ClInclude>
    <ClInclude Include="wbxml2\wbxml_log.h">
      <Filter>Header Files\wbxml2</Filter>
    </ClInclude>
    <ClInclude Include="wbxml2\wbxml_mem.h">
      <Filter>Header Files\wbxml2</Filter>
    </ClInclude>
    <ClInclude Include="wbxml2\wbxml_parser.h">
      <Filter>Header Files\wbxml2</Filter>
    </ClInclude>
    <ClInclude Include="wbxml2\wbxml_tables.h">
      <Filter>Header Files\wbxml2</Filter>
    </ClInclude>
    <ClInclude Include="wbxml2\wbxml_tree.h">
      <Filter>Header Files\wbxml2</Filter>
    </ClInclude>
    <ClInclude Include="wbxml2\wbxml_tree_clb_wbxml.h">
      <Filter>Header Files\wbxml2</Filter>
    </ClInclude>
    <ClInclude Include="wbxml2\wbxml_tree_clb_xml.h">
      <Filter>Header Files\wbxml2</Filter>
    </ClInclude>
    <ClInclude Include="wbxml2\wbxml_wrap_syncml.h">
      <Filter>Header Files\wbxml2</Filter>
    </ClInclude>
    <ClInclude Include="wbxml2\expat\expat.h">
      <Filter>Header Files\wbxml2\expat</Filter>
    </ClInclude>
  </ItemGroup>
</Project>